
Microsoft Visual Studio Solution File, Format Version 12.00
# Visual Studio Version 16
VisualStudioVersion = 16.0.31025.194
MinimumVisualStudioVersion = 10.0.40219.1
Project("{FAE04EC0-301F-11D3-BF4B-00C04F79EFBC}") = "WebApplication1", "WebApplication1\WebApplication1.csproj", "{C90A6F7E-D1AB-44BA-9A25-AB5CF52B4E71}"
EndProject
Global
	GlobalSection(SolutionConfigurationPlatforms) = preSolution
		Debug|Any CPU = Debug|Any CPU
		Release|Any CPU = Release|Any CPU
	EndGlobalSection
	GlobalSection(ProjectConfigurationPlatforms) = postSolution
		{C90A6F7E-D1AB-44BA-9A25-AB5CF52B4E71}.Debug|Any CPU.ActiveCfg = Debug|Any CPU
		{C90A6F7E-D1AB-44BA-9A25-AB5CF52B4E71}.Debug|Any CPU.Build.0 = Debug|Any CPU
		{C90A6F7E-D1AB-44BA-9A25-AB5CF52B4E71}.Release|Any CPU.ActiveCfg = Release|Any CPU
		{C90A6F7E-D1AB-44BA-9A25-AB5CF52B4E71}.Release|Any CPU.Build.0 = Release|Any CPU
	EndGlobalSection
	GlobalSection(SolutionProperties) = preSolution
		HideSolutionNode = FALSE
	EndGlobalSection
	GlobalSection(ExtensibilityGlobals) = postSolution
		SolutionGuid = {C5963E70-DD88-44F6-BCBF-4D19EF23F43F}
	EndGlobalSection
EndGlobal
